// !$*UTF8*$!
{
	archiveVersion = 1;
	classes = {
	};
	objectVersion = 48;
	objects = {

/* Begin PBXBuildFile section */
		2219B388220E80A300A91505 /* TOFileSeparatorView.m in Sources */ = {isa = PBXBuildFile; fileRef = 2219B387220E80A300A91505 /* TOFileSeparatorView.m */; };
		2224768F21DBC1A90006D852 /* TOTestingAppDelegate.m in Sources */ = {isa = PBXBuildFile; fileRef = 2224768D21DBC17E0006D852 /* TOTestingAppDelegate.m */; };
		222B91BC21DB2C180057B1D9 /* TOFileDatabaseCoordinator.m in Sources */ = {isa = PBXBuildFile; fileRef = 222B91BB21DB2C180057B1D9 /* TOFileDatabaseCoordinator.m */; };
		222B91BE21DB31080057B1D9 /* TOFileCoordinatorTests.m in Sources */ = {isa = PBXBuildFile; fileRef = 222B91BD21DB31080057B1D9 /* TOFileCoordinatorTests.m */; };
		222B91BF21DB31670057B1D9 /* TOFileDatabaseCoordinator.m in Sources */ = {isa = PBXBuildFile; fileRef = 222B91BB21DB2C180057B1D9 /* TOFileDatabaseCoordinator.m */; };
		222B91C021DB31690057B1D9 /* TOFileCoordinator.m in Sources */ = {isa = PBXBuildFile; fileRef = 2252F51521D9E8A000C6607F /* TOFileCoordinator.m */; };
		2250015721D0D71E007EC4EA /* TOFileDownload.m in Sources */ = {isa = PBXBuildFile; fileRef = 2250015521D0D71E007EC4EA /* TOFileDownload.m */; };
		2250015821D0D71E007EC4EA /* TOFileAccount.m in Sources */ = {isa = PBXBuildFile; fileRef = 2250015621D0D71E007EC4EA /* TOFileAccount.m */; };
		2250015D21D13EF0007EC4EA /* TOFileKeychainAccess.m in Sources */ = {isa = PBXBuildFile; fileRef = 2250015C21D13EF0007EC4EA /* TOFileKeychainAccess.m */; };
		2250016021D13F0B007EC4EA /* TOFileAccountList.m in Sources */ = {isa = PBXBuildFile; fileRef = 2250015F21D13F0B007EC4EA /* TOFileAccountList.m */; };
		2250016921D1DDCD007EC4EA /* TOFileKitTests.m in Sources */ = {isa = PBXBuildFile; fileRef = 2250016821D1DDCD007EC4EA /* TOFileKitTests.m */; };
		2250017121D1DDEB007EC4EA /* TOFileKeychainAccessTests.m in Sources */ = {isa = PBXBuildFile; fileRef = 2250017021D1DDEB007EC4EA /* TOFileKeychainAccessTests.m */; };
		2250017221D1DE3D007EC4EA /* TOFileKeychainAccess.m in Sources */ = {isa = PBXBuildFile; fileRef = 2250015C21D13EF0007EC4EA /* TOFileKeychainAccess.m */; };
		2250017521D21AE0007EC4EA /* TOFileLocationsViewController.m in Sources */ = {isa = PBXBuildFile; fileRef = 2250017421D21AE0007EC4EA /* TOFileLocationsViewController.m */; };
		2250017A21D21E25007EC4EA /* TOFileLocationsView.m in Sources */ = {isa = PBXBuildFile; fileRef = 2250017921D21E25007EC4EA /* TOFileLocationsView.m */; };
		2252F50C21D9C6B800C6607F /* TOFileLocationsPresenter.m in Sources */ = {isa = PBXBuildFile; fileRef = 2252F50B21D9C6B800C6607F /* TOFileLocationsPresenter.m */; };
		2252F50F21D9CB6100C6607F /* TOFileLocationsProvider.m in Sources */ = {isa = PBXBuildFile; fileRef = 2252F50E21D9CB6100C6607F /* TOFileLocationsProvider.m */; };
		2252F51621D9E8A000C6607F /* TOFileCoordinator.m in Sources */ = {isa = PBXBuildFile; fileRef = 2252F51521D9E8A000C6607F /* TOFileCoordinator.m */; };
		225DB290220DF2F2003B90D8 /* TOFileNavigationController.m in Sources */ = {isa = PBXBuildFile; fileRef = 225DB28F220DF2F2003B90D8 /* TOFileNavigationController.m */; };
		225DB295220DF7D8003B90D8 /* TOFileTableViewCell.m in Sources */ = {isa = PBXBuildFile; fileRef = 225DB294220DF7D8003B90D8 /* TOFileTableViewCell.m */; };
		22FB5D9721FDBC3E00377A24 /* TOFileDatabaseCoordinatorTests.m in Sources */ = {isa = PBXBuildFile; fileRef = 22FB5D9621FDBC3E00377A24 /* TOFileDatabaseCoordinatorTests.m */; };
		22FC4C731FF8C4700055FDF5 /* TOAppDelegate.m in Sources */ = {isa = PBXBuildFile; fileRef = 22FC4C721FF8C4700055FDF5 /* TOAppDelegate.m */; };
		22FC4C761FF8C4700055FDF5 /* TOViewController.m in Sources */ = {isa = PBXBuildFile; fileRef = 22FC4C751FF8C4700055FDF5 /* TOViewController.m */; };
		22FC4C7B1FF8C4700055FDF5 /* Assets.xcassets in Resources */ = {isa = PBXBuildFile; fileRef = 22FC4C7A1FF8C4700055FDF5 /* Assets.xcassets */; };
		22FC4C7E1FF8C4700055FDF5 /* LaunchScreen.storyboard in Resources */ = {isa = PBXBuildFile; fileRef = 22FC4C7C1FF8C4700055FDF5 /* LaunchScreen.storyboard */; };
		22FC4C811FF8C4700055FDF5 /* main.m in Sources */ = {isa = PBXBuildFile; fileRef = 22FC4C801FF8C4700055FDF5 /* main.m */; };
		4CA54429991064D3F2C92ACC /* libPods-TOFileKitExample.a in Frameworks */ = {isa = PBXBuildFile; fileRef = 1D38893175A434E7E3F01D5B /* libPods-TOFileKitExample.a */; };
		5576862CBB27452CAD775242 /* libPods-TOFileKitTests.a in Frameworks */ = {isa = PBXBuildFile; fileRef = 7BE6C8DBFD589D63E07C3200 /* libPods-TOFileKitTests.a */; };
/* End PBXBuildFile section */

/* Begin PBXContainerItemProxy section */
		2250016B21D1DDCD007EC4EA /* PBXContainerItemProxy */ = {
			isa = PBXContainerItemProxy;
			containerPortal = 22FC4C661FF8C4700055FDF5 /* Project object */;
			proxyType = 1;
			remoteGlobalIDString = 22FC4C6D1FF8C4700055FDF5;
			remoteInfo = TOFileKitExample;
		};
/* End PBXContainerItemProxy section */

/* Begin PBXFileReference section */
		0004C0D811FA41E75F5D648C /* Pods-TOFileKitTests.debug.xcconfig */ = {isa = PBXFileReference; includeInIndex = 1; lastKnownFileType = text.xcconfig; name = "Pods-TOFileKitTests.debug.xcconfig"; path = "Pods/Target Support Files/Pods-TOFileKitTests/Pods-TOFileKitTests.debug.xcconfig"; sourceTree = "<group>"; };
		1D38893175A434E7E3F01D5B /* libPods-TOFileKitExample.a */ = {isa = PBXFileReference; explicitFileType = archive.ar; includeInIndex = 0; path = "libPods-TOFileKitExample.a"; sourceTree = BUILT_PRODUCTS_DIR; };
		2219B386220E80A300A91505 /* TOFileSeparatorView.h */ = {isa = PBXFileReference; lastKnownFileType = sourcecode.c.h; path = TOFileSeparatorView.h; sourceTree = "<group>"; };
		2219B387220E80A300A91505 /* TOFileSeparatorView.m */ = {isa = PBXFileReference; lastKnownFileType = sourcecode.c.objc; path = TOFileSeparatorView.m; sourceTree = "<group>"; };
		2224768C21DBC17E0006D852 /* TOTestingAppDelegate.h */ = {isa = PBXFileReference; lastKnownFileType = sourcecode.c.h; path = TOTestingAppDelegate.h; sourceTree = "<group>"; };
		2224768D21DBC17E0006D852 /* TOTestingAppDelegate.m */ = {isa = PBXFileReference; lastKnownFileType = sourcecode.c.objc; path = TOTestingAppDelegate.m; sourceTree = "<group>"; };
		222B91BA21DB2C180057B1D9 /* TOFileDatabaseCoordinator.h */ = {isa = PBXFileReference; fileEncoding = 4; lastKnownFileType = sourcecode.c.h; path = TOFileDatabaseCoordinator.h; sourceTree = "<group>"; };
		222B91BB21DB2C180057B1D9 /* TOFileDatabaseCoordinator.m */ = {isa = PBXFileReference; fileEncoding = 4; lastKnownFileType = sourcecode.c.objc; path = TOFileDatabaseCoordinator.m; sourceTree = "<group>"; };
		222B91BD21DB31080057B1D9 /* TOFileCoordinatorTests.m */ = {isa = PBXFileReference; lastKnownFileType = sourcecode.c.objc; path = TOFileCoordinatorTests.m; sourceTree = "<group>"; };
		22457E542203495E000F19EA /* TOFileKit.h */ = {isa = PBXFileReference; lastKnownFileType = sourcecode.c.h; path = TOFileKit.h; sourceTree = "<group>"; };
		2250015321D0D71E007EC4EA /* TOFileDownload.h */ = {isa = PBXFileReference; fileEncoding = 4; lastKnownFileType = sourcecode.c.h; path = TOFileDownload.h; sourceTree = "<group>"; };
		2250015421D0D71E007EC4EA /* TOFileAccount.h */ = {isa = PBXFileReference; fileEncoding = 4; lastKnownFileType = sourcecode.c.h; path = TOFileAccount.h; sourceTree = "<group>"; };
		2250015521D0D71E007EC4EA /* TOFileDownload.m */ = {isa = PBXFileReference; fileEncoding = 4; lastKnownFileType = sourcecode.c.objc; path = TOFileDownload.m; sourceTree = "<group>"; };
		2250015621D0D71E007EC4EA /* TOFileAccount.m */ = {isa = PBXFileReference; fileEncoding = 4; lastKnownFileType = sourcecode.c.objc; path = TOFileAccount.m; sourceTree = "<group>"; };
		2250015A21D0E0D1007EC4EA /* TOFileConstants.h */ = {isa = PBXFileReference; lastKnownFileType = sourcecode.c.h; name = TOFileConstants.h; path = TOFileKit/TOFileConstants.h; sourceTree = SOURCE_ROOT; };
		2250015B21D13EF0007EC4EA /* TOFileKeychainAccess.h */ = {isa = PBXFileReference; lastKnownFileType = sourcecode.c.h; path = TOFileKeychainAccess.h; sourceTree = "<group>"; };
		2250015C21D13EF0007EC4EA /* TOFileKeychainAccess.m */ = {isa = PBXFileReference; lastKnownFileType = sourcecode.c.objc; path = TOFileKeychainAccess.m; sourceTree = "<group>"; };
		2250015E21D13F0B007EC4EA /* TOFileAccountList.h */ = {isa = PBXFileReference; lastKnownFileType = sourcecode.c.h; path = TOFileAccountList.h; sourceTree = "<group>"; };
		2250015F21D13F0B007EC4EA /* TOFileAccountList.m */ = {isa = PBXFileReference; lastKnownFileType = sourcecode.c.objc; path = TOFileAccountList.m; sourceTree = "<group>"; };
		2250016621D1DDCD007EC4EA /* TOFileKitTests.xctest */ = {isa = PBXFileReference; explicitFileType = wrapper.cfbundle; includeInIndex = 0; path = TOFileKitTests.xctest; sourceTree = BUILT_PRODUCTS_DIR; };
		2250016821D1DDCD007EC4EA /* TOFileKitTests.m */ = {isa = PBXFileReference; lastKnownFileType = sourcecode.c.objc; path = TOFileKitTests.m; sourceTree = "<group>"; };
		2250016A21D1DDCD007EC4EA /* Info.plist */ = {isa = PBXFileReference; lastKnownFileType = text.plist.xml; path = Info.plist; sourceTree = "<group>"; };
		2250017021D1DDEB007EC4EA /* TOFileKeychainAccessTests.m */ = {isa = PBXFileReference; lastKnownFileType = sourcecode.c.objc; path = TOFileKeychainAccessTests.m; sourceTree = "<group>"; };
		2250017321D21AE0007EC4EA /* TOFileLocationsViewController.h */ = {isa = PBXFileReference; fileEncoding = 4; lastKnownFileType = sourcecode.c.h; path = TOFileLocationsViewController.h; sourceTree = "<group>"; };
		2250017421D21AE0007EC4EA /* TOFileLocationsViewController.m */ = {isa = PBXFileReference; fileEncoding = 4; lastKnownFileType = sourcecode.c.objc; path = TOFileLocationsViewController.m; sourceTree = "<group>"; };
		2250017821D21E25007EC4EA /* TOFileLocationsView.h */ = {isa = PBXFileReference; fileEncoding = 4; lastKnownFileType = sourcecode.c.h; path = TOFileLocationsView.h; sourceTree = "<group>"; };
		2250017921D21E25007EC4EA /* TOFileLocationsView.m */ = {isa = PBXFileReference; fileEncoding = 4; lastKnownFileType = sourcecode.c.objc; path = TOFileLocationsView.m; sourceTree = "<group>"; };
		2252F50A21D9C6B800C6607F /* TOFileLocationsPresenter.h */ = {isa = PBXFileReference; lastKnownFileType = sourcecode.c.h; path = TOFileLocationsPresenter.h; sourceTree = "<group>"; };
		2252F50B21D9C6B800C6607F /* TOFileLocationsPresenter.m */ = {isa = PBXFileReference; lastKnownFileType = sourcecode.c.objc; path = TOFileLocationsPresenter.m; sourceTree = "<group>"; };
		2252F50D21D9CB6100C6607F /* TOFileLocationsProvider.h */ = {isa = PBXFileReference; lastKnownFileType = sourcecode.c.h; path = TOFileLocationsProvider.h; sourceTree = "<group>"; };
		2252F50E21D9CB6100C6607F /* TOFileLocationsProvider.m */ = {isa = PBXFileReference; lastKnownFileType = sourcecode.c.objc; path = TOFileLocationsProvider.m; sourceTree = "<group>"; };
		2252F51421D9E8A000C6607F /* TOFileCoordinator.h */ = {isa = PBXFileReference; lastKnownFileType = sourcecode.c.h; path = TOFileCoordinator.h; sourceTree = "<group>"; };
		2252F51521D9E8A000C6607F /* TOFileCoordinator.m */ = {isa = PBXFileReference; lastKnownFileType = sourcecode.c.objc; path = TOFileCoordinator.m; sourceTree = "<group>"; };
		225DB28B220DE805003B90D8 /* TOFileCoordinator+Private.h */ = {isa = PBXFileReference; lastKnownFileType = sourcecode.c.h; path = "TOFileCoordinator+Private.h"; sourceTree = "<group>"; };
		225DB28E220DF2F2003B90D8 /* TOFileNavigationController.h */ = {isa = PBXFileReference; lastKnownFileType = sourcecode.c.h; path = TOFileNavigationController.h; sourceTree = "<group>"; };
		225DB28F220DF2F2003B90D8 /* TOFileNavigationController.m */ = {isa = PBXFileReference; lastKnownFileType = sourcecode.c.objc; path = TOFileNavigationController.m; sourceTree = "<group>"; };
		225DB293220DF7D8003B90D8 /* TOFileTableViewCell.h */ = {isa = PBXFileReference; lastKnownFileType = sourcecode.c.h; path = TOFileTableViewCell.h; sourceTree = "<group>"; };
		225DB294220DF7D8003B90D8 /* TOFileTableViewCell.m */ = {isa = PBXFileReference; lastKnownFileType = sourcecode.c.objc; path = TOFileTableViewCell.m; sourceTree = "<group>"; };
		22FB5D9621FDBC3E00377A24 /* TOFileDatabaseCoordinatorTests.m */ = {isa = PBXFileReference; lastKnownFileType = sourcecode.c.objc; path = TOFileDatabaseCoordinatorTests.m; sourceTree = "<group>"; };
		22FC4C6E1FF8C4700055FDF5 /* TOFileKitExample.app */ = {isa = PBXFileReference; explicitFileType = wrapper.application; includeInIndex = 0; path = TOFileKitExample.app; sourceTree = BUILT_PRODUCTS_DIR; };
		22FC4C711FF8C4700055FDF5 /* TOAppDelegate.h */ = {isa = PBXFileReference; lastKnownFileType = sourcecode.c.h; path = TOAppDelegate.h; sourceTree = "<group>"; };
		22FC4C721FF8C4700055FDF5 /* TOAppDelegate.m */ = {isa = PBXFileReference; lastKnownFileType = sourcecode.c.objc; path = TOAppDelegate.m; sourceTree = "<group>"; };
		22FC4C741FF8C4700055FDF5 /* TOViewController.h */ = {isa = PBXFileReference; lastKnownFileType = sourcecode.c.h; path = TOViewController.h; sourceTree = "<group>"; };
		22FC4C751FF8C4700055FDF5 /* TOViewController.m */ = {isa = PBXFileReference; lastKnownFileType = sourcecode.c.objc; path = TOViewController.m; sourceTree = "<group>"; };
		22FC4C7A1FF8C4700055FDF5 /* Assets.xcassets */ = {isa = PBXFileReference; lastKnownFileType = folder.assetcatalog; path = Assets.xcassets; sourceTree = "<group>"; };
		22FC4C7D1FF8C4700055FDF5 /* Base */ = {isa = PBXFileReference; lastKnownFileType = file.storyboard; name = Base; path = Base.lproj/LaunchScreen.storyboard; sourceTree = "<group>"; };
		22FC4C7F1FF8C4700055FDF5 /* Info.plist */ = {isa = PBXFileReference; lastKnownFileType = text.plist.xml; path = Info.plist; sourceTree = "<group>"; };
		22FC4C801FF8C4700055FDF5 /* main.m */ = {isa = PBXFileReference; lastKnownFileType = sourcecode.c.objc; path = main.m; sourceTree = "<group>"; };
		3956E121D1B16986653128CE /* Pods-TOFileKitExample.debug.xcconfig */ = {isa = PBXFileReference; includeInIndex = 1; lastKnownFileType = text.xcconfig; name = "Pods-TOFileKitExample.debug.xcconfig"; path = "Pods/Target Support Files/Pods-TOFileKitExample/Pods-TOFileKitExample.debug.xcconfig"; sourceTree = "<group>"; };
		7BE6C8DBFD589D63E07C3200 /* libPods-TOFileKitTests.a */ = {isa = PBXFileReference; explicitFileType = archive.ar; includeInIndex = 0; path = "libPods-TOFileKitTests.a"; sourceTree = BUILT_PRODUCTS_DIR; };
		7F712ADB51AA8E4BAD337935 /* Pods-TOFileKitExample.release.xcconfig */ = {isa = PBXFileReference; includeInIndex = 1; lastKnownFileType = text.xcconfig; name = "Pods-TOFileKitExample.release.xcconfig"; path = "Pods/Target Support Files/Pods-TOFileKitExample/Pods-TOFileKitExample.release.xcconfig"; sourceTree = "<group>"; };
		85FF22E6F52461A8B2A2B106 /* Pods-TOFileKitTests.release.xcconfig */ = {isa = PBXFileReference; includeInIndex = 1; lastKnownFileType = text.xcconfig; name = "Pods-TOFileKitTests.release.xcconfig"; path = "Pods/Target Support Files/Pods-TOFileKitTests/Pods-TOFileKitTests.release.xcconfig"; sourceTree = "<group>"; };
/* End PBXFileReference section */

/* Begin PBXFrameworksBuildPhase section */
		2250016321D1DDCD007EC4EA /* Frameworks */ = {
			isa = PBXFrameworksBuildPhase;
			buildActionMask = 2147483647;
			files = (
				5576862CBB27452CAD775242 /* libPods-TOFileKitTests.a in Frameworks */,
			);
			runOnlyForDeploymentPostprocessing = 0;
		};
		22FC4C6B1FF8C4700055FDF5 /* Frameworks */ = {
			isa = PBXFrameworksBuildPhase;
			buildActionMask = 2147483647;
			files = (
				4CA54429991064D3F2C92ACC /* libPods-TOFileKitExample.a in Frameworks */,
			);
			runOnlyForDeploymentPostprocessing = 0;
		};
/* End PBXFrameworksBuildPhase section */

/* Begin PBXGroup section */
		222B91B921DB2C180057B1D9 /* Database */ = {
			isa = PBXGroup;
			children = (
				222B91BA21DB2C180057B1D9 /* TOFileDatabaseCoordinator.h */,
				222B91BB21DB2C180057B1D9 /* TOFileDatabaseCoordinator.m */,
			);
			path = Database;
			sourceTree = "<group>";
		};
		2250015221D0D71E007EC4EA /* Entities */ = {
			isa = PBXGroup;
			children = (
				2250015421D0D71E007EC4EA /* TOFileAccount.h */,
				2250015621D0D71E007EC4EA /* TOFileAccount.m */,
				2250015E21D13F0B007EC4EA /* TOFileAccountList.h */,
				2250015F21D13F0B007EC4EA /* TOFileAccountList.m */,
				2250015321D0D71E007EC4EA /* TOFileDownload.h */,
				2250015521D0D71E007EC4EA /* TOFileDownload.m */,
			);
			path = Entities;
			sourceTree = "<group>";
		};
		2250015921D0D754007EC4EA /* Services */ = {
			isa = PBXGroup;
			children = (
				222B91B921DB2C180057B1D9 /* Database */,
				2252F51021D9E72600C6607F /* Coordinator */,
				2250016121D142EA007EC4EA /* Security */,
			);
			path = Services;
			sourceTree = "<group>";
		};
		2250016121D142EA007EC4EA /* Security */ = {
			isa = PBXGroup;
			children = (
				2250015B21D13EF0007EC4EA /* TOFileKeychainAccess.h */,
				2250015C21D13EF0007EC4EA /* TOFileKeychainAccess.m */,
			);
			path = Security;
			sourceTree = "<group>";
		};
		2250016721D1DDCD007EC4EA /* TOFileKitTests */ = {
			isa = PBXGroup;
			children = (
				22FB5D9621FDBC3E00377A24 /* TOFileDatabaseCoordinatorTests.m */,
				2250017021D1DDEB007EC4EA /* TOFileKeychainAccessTests.m */,
				222B91BD21DB31080057B1D9 /* TOFileCoordinatorTests.m */,
				2250016821D1DDCD007EC4EA /* TOFileKitTests.m */,
				2250016A21D1DDCD007EC4EA /* Info.plist */,
			);
			path = TOFileKitTests;
			sourceTree = "<group>";
		};
		2250017721D21E25007EC4EA /* Views */ = {
			isa = PBXGroup;
			children = (
				225DB292220DF734003B90D8 /* Common */,
				225DB291220DF723003B90D8 /* FileLocations */,
			);
			path = Views;
			sourceTree = "<group>";
		};
		2250017B21D22BF4007EC4EA /* Presenters */ = {
			isa = PBXGroup;
			children = (
				2252F50A21D9C6B800C6607F /* TOFileLocationsPresenter.h */,
				2252F50B21D9C6B800C6607F /* TOFileLocationsPresenter.m */,
			);
			path = Presenters;
			sourceTree = "<group>";
		};
		2250017C21D22BF5007EC4EA /* Providers */ = {
			isa = PBXGroup;
			children = (
				2252F50D21D9CB6100C6607F /* TOFileLocationsProvider.h */,
				2252F50E21D9CB6100C6607F /* TOFileLocationsProvider.m */,
			);
			path = Providers;
			sourceTree = "<group>";
		};
		2252F51021D9E72600C6607F /* Coordinator */ = {
			isa = PBXGroup;
			children = (
				2252F51421D9E8A000C6607F /* TOFileCoordinator.h */,
				225DB28B220DE805003B90D8 /* TOFileCoordinator+Private.h */,
				2252F51521D9E8A000C6607F /* TOFileCoordinator.m */,
			);
			path = Coordinator;
			sourceTree = "<group>";
		};
		225DB28C220DF2CC003B90D8 /* Extended */ = {
			isa = PBXGroup;
			children = (
				225DB28E220DF2F2003B90D8 /* TOFileNavigationController.h */,
				225DB28F220DF2F2003B90D8 /* TOFileNavigationController.m */,
			);
			path = Extended;
			sourceTree = "<group>";
		};
		225DB28D220DF2D9003B90D8 /* FileLocations */ = {
			isa = PBXGroup;
			children = (
				2250017321D21AE0007EC4EA /* TOFileLocationsViewController.h */,
				2250017421D21AE0007EC4EA /* TOFileLocationsViewController.m */,
			);
			path = FileLocations;
			sourceTree = "<group>";
		};
		225DB291220DF723003B90D8 /* FileLocations */ = {
			isa = PBXGroup;
			children = (
				2250017821D21E25007EC4EA /* TOFileLocationsView.h */,
				2250017921D21E25007EC4EA /* TOFileLocationsView.m */,
			);
			path = FileLocations;
			sourceTree = "<group>";
		};
		225DB292220DF734003B90D8 /* Common */ = {
			isa = PBXGroup;
			children = (
				225DB293220DF7D8003B90D8 /* TOFileTableViewCell.h */,
				225DB294220DF7D8003B90D8 /* TOFileTableViewCell.m */,
				2219B386220E80A300A91505 /* TOFileSeparatorView.h */,
				2219B387220E80A300A91505 /* TOFileSeparatorView.m */,
			);
			path = Common;
			sourceTree = "<group>";
		};
		227ACCFD201C5CB8000E699F /* Controllers */ = {
			isa = PBXGroup;
			children = (
				225DB28D220DF2D9003B90D8 /* FileLocations */,
				225DB28C220DF2CC003B90D8 /* Extended */,
			);
			path = Controllers;
			sourceTree = "<group>";
		};
		227ACD1A201C8765000E699F /* Models */ = {
			isa = PBXGroup;
			children = (
				2250015921D0D754007EC4EA /* Services */,
				2250015221D0D71E007EC4EA /* Entities */,
			);
			path = Models;
			sourceTree = "<group>";
		};
		22E7C17D201C499500AF8BFE /* TOFileKit */ = {
			isa = PBXGroup;
			children = (
				22457E542203495E000F19EA /* TOFileKit.h */,
				2250015A21D0E0D1007EC4EA /* TOFileConstants.h */,
				227ACD1A201C8765000E699F /* Models */,
				227ACCFD201C5CB8000E699F /* Controllers */,
				2250017B21D22BF4007EC4EA /* Presenters */,
				2250017C21D22BF5007EC4EA /* Providers */,
				2250017721D21E25007EC4EA /* Views */,
			);
			path = TOFileKit;
			sourceTree = "<group>";
		};
		22FC4C651FF8C4700055FDF5 = {
			isa = PBXGroup;
			children = (
				22E7C17D201C499500AF8BFE /* TOFileKit */,
				22FC4C701FF8C4700055FDF5 /* TOFileKitExample */,
				2250016721D1DDCD007EC4EA /* TOFileKitTests */,
				22FC4C6F1FF8C4700055FDF5 /* Products */,
				6D12CD4C654C0279A56E1284 /* Pods */,
				257ABD49DD99BF8F245F1CEF /* Frameworks */,
			);
			sourceTree = "<group>";
		};
		22FC4C6F1FF8C4700055FDF5 /* Products */ = {
			isa = PBXGroup;
			children = (
				22FC4C6E1FF8C4700055FDF5 /* TOFileKitExample.app */,
				2250016621D1DDCD007EC4EA /* TOFileKitTests.xctest */,
			);
			name = Products;
			sourceTree = "<group>";
		};
		22FC4C701FF8C4700055FDF5 /* TOFileKitExample */ = {
			isa = PBXGroup;
			children = (
				22FC4C711FF8C4700055FDF5 /* TOAppDelegate.h */,
				22FC4C721FF8C4700055FDF5 /* TOAppDelegate.m */,
				22FC4C741FF8C4700055FDF5 /* TOViewController.h */,
				22FC4C751FF8C4700055FDF5 /* TOViewController.m */,
				22FC4C7A1FF8C4700055FDF5 /* Assets.xcassets */,
				22FC4C7C1FF8C4700055FDF5 /* LaunchScreen.storyboard */,
				22FC4C7F1FF8C4700055FDF5 /* Info.plist */,
				22FC4C801FF8C4700055FDF5 /* main.m */,
				2224768C21DBC17E0006D852 /* TOTestingAppDelegate.h */,
				2224768D21DBC17E0006D852 /* TOTestingAppDelegate.m */,
			);
			path = TOFileKitExample;
			sourceTree = "<group>";
		};
		257ABD49DD99BF8F245F1CEF /* Frameworks */ = {
			isa = PBXGroup;
			children = (
				1D38893175A434E7E3F01D5B /* libPods-TOFileKitExample.a */,
				7BE6C8DBFD589D63E07C3200 /* libPods-TOFileKitTests.a */,
			);
			name = Frameworks;
			sourceTree = "<group>";
		};
		6D12CD4C654C0279A56E1284 /* Pods */ = {
			isa = PBXGroup;
			children = (
				3956E121D1B16986653128CE /* Pods-TOFileKitExample.debug.xcconfig */,
				7F712ADB51AA8E4BAD337935 /* Pods-TOFileKitExample.release.xcconfig */,
				0004C0D811FA41E75F5D648C /* Pods-TOFileKitTests.debug.xcconfig */,
				85FF22E6F52461A8B2A2B106 /* Pods-TOFileKitTests.release.xcconfig */,
			);
			name = Pods;
			sourceTree = "<group>";
		};
/* End PBXGroup section */

/* Begin PBXNativeTarget section */
		2250016521D1DDCD007EC4EA /* TOFileKitTests */ = {
			isa = PBXNativeTarget;
			buildConfigurationList = 2250016D21D1DDCD007EC4EA /* Build configuration list for PBXNativeTarget "TOFileKitTests" */;
			buildPhases = (
				18F2357B378A94A83DE51DCE /* [CP] Check Pods Manifest.lock */,
				2250016221D1DDCD007EC4EA /* Sources */,
				2250016321D1DDCD007EC4EA /* Frameworks */,
				2250016421D1DDCD007EC4EA /* Resources */,
			);
			buildRules = (
			);
			dependencies = (
				2250016C21D1DDCD007EC4EA /* PBXTargetDependency */,
			);
			name = TOFileKitTests;
			productName = TOFileKitTests;
			productReference = 2250016621D1DDCD007EC4EA /* TOFileKitTests.xctest */;
			productType = "com.apple.product-type.bundle.unit-test";
		};
		22FC4C6D1FF8C4700055FDF5 /* TOFileKitExample */ = {
			isa = PBXNativeTarget;
			buildConfigurationList = 22FC4C841FF8C4700055FDF5 /* Build configuration list for PBXNativeTarget "TOFileKitExample" */;
			buildPhases = (
				AF2CDDBA4CE19B66061E0D53 /* [CP] Check Pods Manifest.lock */,
				22FC4C6A1FF8C4700055FDF5 /* Sources */,
				22FC4C6B1FF8C4700055FDF5 /* Frameworks */,
				22FC4C6C1FF8C4700055FDF5 /* Resources */,
				DB420A69A7FFCCF2B988D982 /* [CP] Copy Pods Resources */,
			);
			buildRules = (
			);
			dependencies = (
			);
			name = TOFileKitExample;
			productName = TOFileKitExample;
			productReference = 22FC4C6E1FF8C4700055FDF5 /* TOFileKitExample.app */;
			productType = "com.apple.product-type.application";
		};
/* End PBXNativeTarget section */

/* Begin PBXProject section */
		22FC4C661FF8C4700055FDF5 /* Project object */ = {
			isa = PBXProject;
			attributes = {
				LastUpgradeCheck = 1010;
				ORGANIZATIONNAME = "Tim Oliver";
				TargetAttributes = {
					2250016521D1DDCD007EC4EA = {
						CreatedOnToolsVersion = 10.1;
						ProvisioningStyle = Automatic;
						TestTargetID = 22FC4C6D1FF8C4700055FDF5;
					};
					22FC4C6D1FF8C4700055FDF5 = {
						CreatedOnToolsVersion = 9.2;
						ProvisioningStyle = Automatic;
					};
				};
			};
			buildConfigurationList = 22FC4C691FF8C4700055FDF5 /* Build configuration list for PBXProject "TOFileKitExample" */;
			compatibilityVersion = "Xcode 8.0";
			developmentRegion = en;
			hasScannedForEncodings = 0;
			knownRegions = (
				en,
				Base,
			);
			mainGroup = 22FC4C651FF8C4700055FDF5;
			productRefGroup = 22FC4C6F1FF8C4700055FDF5 /* Products */;
			projectDirPath = "";
			projectRoot = "";
			targets = (
				22FC4C6D1FF8C4700055FDF5 /* TOFileKitExample */,
				2250016521D1DDCD007EC4EA /* TOFileKitTests */,
			);
		};
/* End PBXProject section */

/* Begin PBXResourcesBuildPhase section */
		2250016421D1DDCD007EC4EA /* Resources */ = {
			isa = PBXResourcesBuildPhase;
			buildActionMask = 2147483647;
			files = (
			);
			runOnlyForDeploymentPostprocessing = 0;
		};
		22FC4C6C1FF8C4700055FDF5 /* Resources */ = {
			isa = PBXResourcesBuildPhase;
			buildActionMask = 2147483647;
			files = (
				22FC4C7E1FF8C4700055FDF5 /* LaunchScreen.storyboard in Resources */,
				22FC4C7B1FF8C4700055FDF5 /* Assets.xcassets in Resources */,
			);
			runOnlyForDeploymentPostprocessing = 0;
		};
/* End PBXResourcesBuildPhase section */

/* Begin PBXShellScriptBuildPhase section */
		18F2357B378A94A83DE51DCE /* [CP] Check Pods Manifest.lock */ = {
			isa = PBXShellScriptBuildPhase;
			buildActionMask = 2147483647;
			files = (
			);
			inputFileListPaths = (
			);
			inputPaths = (
				"${PODS_PODFILE_DIR_PATH}/Podfile.lock",
				"${PODS_ROOT}/Manifest.lock",
			);
			name = "[CP] Check Pods Manifest.lock";
			outputFileListPaths = (
			);
			outputPaths = (
				"$(DERIVED_FILE_DIR)/Pods-TOFileKitTests-checkManifestLockResult.txt",
			);
			runOnlyForDeploymentPostprocessing = 0;
			shellPath = /bin/sh;
			shellScript = "diff \"${PODS_PODFILE_DIR_PATH}/Podfile.lock\" \"${PODS_ROOT}/Manifest.lock\" > /dev/null\nif [ $? != 0 ] ; then\n    # print error to STDERR\n    echo \"error: The sandbox is not in sync with the Podfile.lock. Run 'pod install' or update your CocoaPods installation.\" >&2\n    exit 1\nfi\n# This output is used by Xcode 'outputs' to avoid re-running this script phase.\necho \"SUCCESS\" > \"${SCRIPT_OUTPUT_FILE_0}\"\n";
			showEnvVarsInLog = 0;
		};
		AF2CDDBA4CE19B66061E0D53 /* [CP] Check Pods Manifest.lock */ = {
			isa = PBXShellScriptBuildPhase;
			buildActionMask = 2147483647;
			files = (
			);
			inputPaths = (
				"${PODS_PODFILE_DIR_PATH}/Podfile.lock",
				"${PODS_ROOT}/Manifest.lock",
			);
			name = "[CP] Check Pods Manifest.lock";
			outputPaths = (
				"$(DERIVED_FILE_DIR)/Pods-TOFileKitExample-checkManifestLockResult.txt",
			);
			runOnlyForDeploymentPostprocessing = 0;
			shellPath = /bin/sh;
			shellScript = "diff \"${PODS_PODFILE_DIR_PATH}/Podfile.lock\" \"${PODS_ROOT}/Manifest.lock\" > /dev/null\nif [ $? != 0 ] ; then\n    # print error to STDERR\n    echo \"error: The sandbox is not in sync with the Podfile.lock. Run 'pod install' or update your CocoaPods installation.\" >&2\n    exit 1\nfi\n# This output is used by Xcode 'outputs' to avoid re-running this script phase.\necho \"SUCCESS\" > \"${SCRIPT_OUTPUT_FILE_0}\"\n";
			showEnvVarsInLog = 0;
		};
		DB420A69A7FFCCF2B988D982 /* [CP] Copy Pods Resources */ = {
			isa = PBXShellScriptBuildPhase;
			buildActionMask = 2147483647;
			files = (
			);
			inputPaths = (
				"${PODS_ROOT}/Target Support Files/Pods-TOFileKitExample/Pods-TOFileKitExample-resources.sh",
				"${PODS_CONFIGURATION_BUILD_DIR}/1PasswordExtension/OnePasswordExtensionResources.bundle",
				"${PODS_CONFIGURATION_BUILD_DIR}/TOSearchBar/TOSearchBarBundle.bundle",
			);
			name = "[CP] Copy Pods Resources";
			outputPaths = (
				"${TARGET_BUILD_DIR}/${UNLOCALIZED_RESOURCES_FOLDER_PATH}/OnePasswordExtensionResources.bundle",
				"${TARGET_BUILD_DIR}/${UNLOCALIZED_RESOURCES_FOLDER_PATH}/TOSearchBarBundle.bundle",
			);
			runOnlyForDeploymentPostprocessing = 0;
			shellPath = /bin/sh;
			shellScript = "\"${PODS_ROOT}/Target Support Files/Pods-TOFileKitExample/Pods-TOFileKitExample-resources.sh\"\n";
			showEnvVarsInLog = 0;
		};
/* End PBXShellScriptBuildPhase section */

/* Begin PBXSourcesBuildPhase section */
		2250016221D1DDCD007EC4EA /* Sources */ = {
			isa = PBXSourcesBuildPhase;
			buildActionMask = 2147483647;
			files = (
				2250017121D1DDEB007EC4EA /* TOFileKeychainAccessTests.m in Sources */,
				222B91BE21DB31080057B1D9 /* TOFileCoordinatorTests.m in Sources */,
				2250017221D1DE3D007EC4EA /* TOFileKeychainAccess.m in Sources */,
				222B91C021DB31690057B1D9 /* TOFileCoordinator.m in Sources */,
				22FB5D9721FDBC3E00377A24 /* TOFileDatabaseCoordinatorTests.m in Sources */,
				2250016921D1DDCD007EC4EA /* TOFileKitTests.m in Sources */,
				222B91BF21DB31670057B1D9 /* TOFileDatabaseCoordinator.m in Sources */,
				2224768F21DBC1A90006D852 /* TOTestingAppDelegate.m in Sources */,
			);
			runOnlyForDeploymentPostprocessing = 0;
		};
		22FC4C6A1FF8C4700055FDF5 /* Sources */ = {
			isa = PBXSourcesBuildPhase;
			buildActionMask = 2147483647;
			files = (
				225DB295220DF7D8003B90D8 /* TOFileTableViewCell.m in Sources */,
				2250015821D0D71E007EC4EA /* TOFileAccount.m in Sources */,
				22FC4C761FF8C4700055FDF5 /* TOViewController.m in Sources */,
				2250016021D13F0B007EC4EA /* TOFileAccountList.m in Sources */,
				2250017521D21AE0007EC4EA /* TOFileLocationsViewController.m in Sources */,
				2252F50C21D9C6B800C6607F /* TOFileLocationsPresenter.m in Sources */,
				22FC4C811FF8C4700055FDF5 /* main.m in Sources */,
				2250015721D0D71E007EC4EA /* TOFileDownload.m in Sources */,
				222B91BC21DB2C180057B1D9 /* TOFileDatabaseCoordinator.m in Sources */,
				2250015D21D13EF0007EC4EA /* TOFileKeychainAccess.m in Sources */,
				22FC4C731FF8C4700055FDF5 /* TOAppDelegate.m in Sources */,
				2252F51621D9E8A000C6607F /* TOFileCoordinator.m in Sources */,
				2250017A21D21E25007EC4EA /* TOFileLocationsView.m in Sources */,
				225DB290220DF2F2003B90D8 /* TOFileNavigationController.m in Sources */,
				2252F50F21D9CB6100C6607F /* TOFileLocationsProvider.m in Sources */,
				2219B388220E80A300A91505 /* TOFileSeparatorView.m in Sources */,
			);
			runOnlyForDeploymentPostprocessing = 0;
		};
/* End PBXSourcesBuildPhase section */

/* Begin PBXTargetDependency section */
		2250016C21D1DDCD007EC4EA /* PBXTargetDependency */ = {
			isa = PBXTargetDependency;
			target = 22FC4C6D1FF8C4700055FDF5 /* TOFileKitExample */;
			targetProxy = 2250016B21D1DDCD007EC4EA /* PBXContainerItemProxy */;
		};
/* End PBXTargetDependency section */

/* Begin PBXVariantGroup section */
		22FC4C7C1FF8C4700055FDF5 /* LaunchScreen.storyboard */ = {
			isa = PBXVariantGroup;
			children = (
				22FC4C7D1FF8C4700055FDF5 /* Base */,
			);
			name = LaunchScreen.storyboard;
			sourceTree = "<group>";
		};
/* End PBXVariantGroup section */

/* Begin XCBuildConfiguration section */
		2250016E21D1DDCD007EC4EA /* Debug */ = {
			isa = XCBuildConfiguration;
			baseConfigurationReference = 0004C0D811FA41E75F5D648C /* Pods-TOFileKitTests.debug.xcconfig */;
			buildSettings = {
				BUNDLE_LOADER = "$(TEST_HOST)";
				CLANG_ENABLE_OBJC_WEAK = YES;
				CODE_SIGN_STYLE = Automatic;
				DEVELOPMENT_TEAM = 6LF3GMKZAB;
				INFOPLIST_FILE = TOFileKitTests/Info.plist;
				IPHONEOS_DEPLOYMENT_TARGET = 12.1;
				LD_RUNPATH_SEARCH_PATHS = "$(inherited) @executable_path/Frameworks @loader_path/Frameworks";
				MTL_ENABLE_DEBUG_INFO = INCLUDE_SOURCE;
				MTL_FAST_MATH = YES;
				PRODUCT_BUNDLE_IDENTIFIER = net.timoliver.TOFileKitTests;
				PRODUCT_NAME = "$(TARGET_NAME)";
				TARGETED_DEVICE_FAMILY = "1,2";
				TEST_HOST = "$(BUILT_PRODUCTS_DIR)/TOFileKitExample.app/TOFileKitExample";
			};
			name = Debug;
		};
		2250016F21D1DDCD007EC4EA /* Release */ = {
			isa = XCBuildConfiguration;
			baseConfigurationReference = 85FF22E6F52461A8B2A2B106 /* Pods-TOFileKitTests.release.xcconfig */;
			buildSettings = {
				BUNDLE_LOADER = "$(TEST_HOST)";
				CLANG_ENABLE_OBJC_WEAK = YES;
				CODE_SIGN_STYLE = Automatic;
				DEVELOPMENT_TEAM = 6LF3GMKZAB;
				INFOPLIST_FILE = TOFileKitTests/Info.plist;
				IPHONEOS_DEPLOYMENT_TARGET = 12.1;
				LD_RUNPATH_SEARCH_PATHS = "$(inherited) @executable_path/Frameworks @loader_path/Frameworks";
				MTL_FAST_MATH = YES;
				PRODUCT_BUNDLE_IDENTIFIER = net.timoliver.TOFileKitTests;
				PRODUCT_NAME = "$(TARGET_NAME)";
				TARGETED_DEVICE_FAMILY = "1,2";
				TEST_HOST = "$(BUILT_PRODUCTS_DIR)/TOFileKitExample.app/TOFileKitExample";
			};
			name = Release;
		};
		22FC4C821FF8C4700055FDF5 /* Debug */ = {
			isa = XCBuildConfiguration;
			buildSettings = {
				ALWAYS_SEARCH_USER_PATHS = NO;
				CLANG_ANALYZER_NONNULL = YES;
				CLANG_ANALYZER_NUMBER_OBJECT_CONVERSION = YES_AGGRESSIVE;
				CLANG_CXX_LANGUAGE_STANDARD = "gnu++14";
				CLANG_CXX_LIBRARY = "libc++";
				CLANG_ENABLE_MODULES = YES;
				CLANG_ENABLE_OBJC_ARC = YES;
				CLANG_WARN_BLOCK_CAPTURE_AUTORELEASING = YES;
				CLANG_WARN_BOOL_CONVERSION = YES;
				CLANG_WARN_COMMA = YES;
				CLANG_WARN_CONSTANT_CONVERSION = YES;
				CLANG_WARN_DEPRECATED_OBJC_IMPLEMENTATIONS = YES;
				CLANG_WARN_DIRECT_OBJC_ISA_USAGE = YES_ERROR;
				CLANG_WARN_DOCUMENTATION_COMMENTS = YES;
				CLANG_WARN_EMPTY_BODY = YES;
				CLANG_WARN_ENUM_CONVERSION = YES;
				CLANG_WARN_INFINITE_RECURSION = YES;
				CLANG_WARN_INT_CONVERSION = YES;
				CLANG_WARN_NON_LITERAL_NULL_CONVERSION = YES;
				CLANG_WARN_OBJC_IMPLICIT_RETAIN_SELF = YES;
				CLANG_WARN_OBJC_LITERAL_CONVERSION = YES;
				CLANG_WARN_OBJC_ROOT_CLASS = YES_ERROR;
				CLANG_WARN_RANGE_LOOP_ANALYSIS = YES;
				CLANG_WARN_STRICT_PROTOTYPES = YES;
				CLANG_WARN_SUSPICIOUS_MOVE = YES;
				CLANG_WARN_UNGUARDED_AVAILABILITY = YES_AGGRESSIVE;
				CLANG_WARN_UNREACHABLE_CODE = YES;
				CLANG_WARN__DUPLICATE_METHOD_MATCH = YES;
				CODE_SIGN_IDENTITY = "iPhone Developer";
				COPY_PHASE_STRIP = NO;
				DEBUG_INFORMATION_FORMAT = dwarf;
				ENABLE_STRICT_OBJC_MSGSEND = YES;
				ENABLE_TESTABILITY = YES;
				GCC_C_LANGUAGE_STANDARD = gnu11;
				GCC_DYNAMIC_NO_PIC = NO;
				GCC_NO_COMMON_BLOCKS = YES;
				GCC_OPTIMIZATION_LEVEL = 0;
				GCC_PREPROCESSOR_DEFINITIONS = (
					"DEBUG=1",
					"$(inherited)",
				);
				GCC_WARN_64_TO_32_BIT_CONVERSION = YES;
				GCC_WARN_ABOUT_RETURN_TYPE = YES_ERROR;
				GCC_WARN_UNDECLARED_SELECTOR = YES;
				GCC_WARN_UNINITIALIZED_AUTOS = YES_AGGRESSIVE;
				GCC_WARN_UNUSED_FUNCTION = YES;
				GCC_WARN_UNUSED_VARIABLE = YES;
				IPHONEOS_DEPLOYMENT_TARGET = 9.0;
				MTL_ENABLE_DEBUG_INFO = YES;
				ONLY_ACTIVE_ARCH = YES;
				SDKROOT = iphoneos;
			};
			name = Debug;
		};
		22FC4C831FF8C4700055FDF5 /* Release */ = {
			isa = XCBuildConfiguration;
			buildSettings = {
				ALWAYS_SEARCH_USER_PATHS = NO;
				CLANG_ANALYZER_NONNULL = YES;
				CLANG_ANALYZER_NUMBER_OBJECT_CONVERSION = YES_AGGRESSIVE;
				CLANG_CXX_LANGUAGE_STANDARD = "gnu++14";
				CLANG_CXX_LIBRARY = "libc++";
				CLANG_ENABLE_MODULES = YES;
				CLANG_ENABLE_OBJC_ARC = YES;
				CLANG_WARN_BLOCK_CAPTURE_AUTORELEASING = YES;
				CLANG_WARN_BOOL_CONVERSION = YES;
				CLANG_WARN_COMMA = YES;
				CLANG_WARN_CONSTANT_CONVERSION = YES;
				CLANG_WARN_DEPRECATED_OBJC_IMPLEMENTATIONS = YES;
				CLANG_WARN_DIRECT_OBJC_ISA_USAGE = YES_ERROR;
				CLANG_WARN_DOCUMENTATION_COMMENTS = YES;
				CLANG_WARN_EMPTY_BODY = YES;
				CLANG_WARN_ENUM_CONVERSION = YES;
				CLANG_WARN_INFINITE_RECURSION = YES;
				CLANG_WARN_INT_CONVERSION = YES;
				CLANG_WARN_NON_LITERAL_NULL_CONVERSION = YES;
				CLANG_WARN_OBJC_IMPLICIT_RETAIN_SELF = YES;
				CLANG_WARN_OBJC_LITERAL_CONVERSION = YES;
				CLANG_WARN_OBJC_ROOT_CLASS = YES_ERROR;
				CLANG_WARN_RANGE_LOOP_ANALYSIS = YES;
				CLANG_WARN_STRICT_PROTOTYPES = YES;
				CLANG_WARN_SUSPICIOUS_MOVE = YES;
				CLANG_WARN_UNGUARDED_AVAILABILITY = YES_AGGRESSIVE;
				CLANG_WARN_UNREACHABLE_CODE = YES;
				CLANG_WARN__DUPLICATE_METHOD_MATCH = YES;
				CODE_SIGN_IDENTITY = "iPhone Developer";
				COPY_PHASE_STRIP = NO;
				DEBUG_INFORMATION_FORMAT = "dwarf-with-dsym";
				ENABLE_NS_ASSERTIONS = NO;
				ENABLE_STRICT_OBJC_MSGSEND = YES;
				GCC_C_LANGUAGE_STANDARD = gnu11;
				GCC_NO_COMMON_BLOCKS = YES;
				GCC_WARN_64_TO_32_BIT_CONVERSION = YES;
				GCC_WARN_ABOUT_RETURN_TYPE = YES_ERROR;
				GCC_WARN_UNDECLARED_SELECTOR = YES;
				GCC_WARN_UNINITIALIZED_AUTOS = YES_AGGRESSIVE;
				GCC_WARN_UNUSED_FUNCTION = YES;
				GCC_WARN_UNUSED_VARIABLE = YES;
				IPHONEOS_DEPLOYMENT_TARGET = 9.0;
				MTL_ENABLE_DEBUG_INFO = NO;
				SDKROOT = iphoneos;
				VALIDATE_PRODUCT = YES;
			};
			name = Release;
		};
		22FC4C851FF8C4700055FDF5 /* Debug */ = {
			isa = XCBuildConfiguration;
			baseConfigurationReference = 3956E121D1B16986653128CE /* Pods-TOFileKitExample.debug.xcconfig */;
			buildSettings = {
				ASSETCATALOG_COMPILER_APPICON_NAME = AppIcon;
				CODE_SIGN_STYLE = Automatic;
				DEVELOPMENT_TEAM = 6LF3GMKZAB;
				INFOPLIST_FILE = TOFileKitExample/Info.plist;
				IPHONEOS_DEPLOYMENT_TARGET = 9.0;
				LD_RUNPATH_SEARCH_PATHS = "$(inherited) @executable_path/Frameworks";
				PRODUCT_BUNDLE_IDENTIFIER = net.timoliver.TOFileKitExample;
				PRODUCT_NAME = "$(TARGET_NAME)";
				TARGETED_DEVICE_FAMILY = "1,2";
			};
			name = Debug;
		};
		22FC4C861FF8C4700055FDF5 /* Release */ = {
			isa = XCBuildConfiguration;
			baseConfigurationReference = 7F712ADB51AA8E4BAD337935 /* Pods-TOFileKitExample.release.xcconfig */;
			buildSettings = {
				ASSETCATALOG_COMPILER_APPICON_NAME = AppIcon;
				CODE_SIGN_STYLE = Automatic;
				DEVELOPMENT_TEAM = 6LF3GMKZAB;
				INFOPLIST_FILE = TOFileKitExample/Info.plist;
				IPHONEOS_DEPLOYMENT_TARGET = 9.0;
				LD_RUNPATH_SEARCH_PATHS = "$(inherited) @executable_path/Frameworks";
				PRODUCT_BUNDLE_IDENTIFIER = net.timoliver.TOFileKitExample;
				PRODUCT_NAME = "$(TARGET_NAME)";
				TARGETED_DEVICE_FAMILY = "1,2";
			};
			name = Release;
		};
/* End XCBuildConfiguration section */

/* Begin XCConfigurationList section */
		2250016D21D1DDCD007EC4EA /* Build configuration list for PBXNativeTarget "TOFileKitTests" */ = {
			isa = XCConfigurationList;
			buildConfigurations = (
				2250016E21D1DDCD007EC4EA /* Debug */,
				2250016F21D1DDCD007EC4EA /* Release */,
			);
			defaultConfigurationIsVisible = 0;
			defaultConfigurationName = Release;
		};
		22FC4C691FF8C4700055FDF5 /* Build configuration list for PBXProject "TOFileKitExample" */ = {
			isa = XCConfigurationList;
			buildConfigurations = (
				22FC4C821FF8C4700055FDF5 /* Debug */,
				22FC4C831FF8C4700055FDF5 /* Release */,
			);
			defaultConfigurationIsVisible = 0;
			defaultConfigurationName = Release;
		};
		22FC4C841FF8C4700055FDF5 /* Build configuration list for PBXNativeTarget "TOFileKitExample" */ = {
			isa = XCConfigurationList;
			buildConfigurations = (
				22FC4C851FF8C4700055FDF5 /* Debug */,
				22FC4C861FF8C4700055FDF5 /* Release */,
			);
			defaultConfigurationIsVisible = 0;
			defaultConfigurationName = Release;
		};
/* End XCConfigurationList section */
	};
	rootObject = 22FC4C661FF8C4700055FDF5 /* Project object */;
}
