// !$*UTF8*$!
{
	archiveVersion = 1;
	classes = {
	};
	objectVersion = 48;
	objects = {

/* Begin PBXBuildFile section */
		227ACD00201C5CB8000E699F /* TOFileAccountsViewController.m in Sources */ = {isa = PBXBuildFile; fileRef = 227ACCFE201C5CB8000E699F /* TOFileAccountsViewController.m */; };
		227ACD03201C619C000E699F /* TOFileServicePickerViewController.m in Sources */ = {isa = PBXBuildFile; fileRef = 227ACD02201C619C000E699F /* TOFileServicePickerViewController.m */; };
		227ACD44201C8765000E699F /* TOLocalNetworkService.m in Sources */ = {isa = PBXBuildFile; fileRef = 227ACD1C201C8765000E699F /* TOLocalNetworkService.m */; };
		227ACD45201C8765000E699F /* TOLocalNetworkServiceDiscoveryManager.m in Sources */ = {isa = PBXBuildFile; fileRef = 227ACD1F201C8765000E699F /* TOLocalNetworkServiceDiscoveryManager.m */; };
		227ACD46201C8765000E699F /* TOFileDownload.m in Sources */ = {isa = PBXBuildFile; fileRef = 227ACD23201C8765000E699F /* TOFileDownload.m */; };
		227ACD47201C8765000E699F /* TOFileAccount.m in Sources */ = {isa = PBXBuildFile; fileRef = 227ACD24201C8765000E699F /* TOFileAccount.m */; };
		227ACD48201C8765000E699F /* ICSMBService.m in Sources */ = {isa = PBXBuildFile; fileRef = 227ACD27201C8765000E699F /* ICSMBService.m */; };
		227ACD49201C8765000E699F /* ICSFTPService.m in Sources */ = {isa = PBXBuildFile; fileRef = 227ACD28201C8765000E699F /* ICSFTPService.m */; };
		227ACD4A201C8765000E699F /* ICWebDAVService.m in Sources */ = {isa = PBXBuildFile; fileRef = 227ACD2B201C8765000E699F /* ICWebDAVService.m */; };
		227ACD4B201C8765000E699F /* ICFTPService.m in Sources */ = {isa = PBXBuildFile; fileRef = 227ACD2E201C8765000E699F /* ICFTPService.m */; };
		227ACD4C201C8765000E699F /* ICNetworkDownloadService.m in Sources */ = {isa = PBXBuildFile; fileRef = 227ACD2F201C8765000E699F /* ICNetworkDownloadService.m */; };
		227ACD4D201C8765000E699F /* ICDownloadService.m in Sources */ = {isa = PBXBuildFile; fileRef = 227ACD32201C8765000E699F /* ICDownloadService.m */; };
		227ACD4E201C8765000E699F /* ICDropboxService.m in Sources */ = {isa = PBXBuildFile; fileRef = 227ACD34201C8765000E699F /* ICDropboxService.m */; };
		227ACD4F201C8765000E699F /* ICBoxService.m in Sources */ = {isa = PBXBuildFile; fileRef = 227ACD35201C8765000E699F /* ICBoxService.m */; };
		227ACD50201C8765000E699F /* ICOAuthDownloadService.m in Sources */ = {isa = PBXBuildFile; fileRef = 227ACD36201C8765000E699F /* ICOAuthDownloadService.m */; };
		227ACD51201C8765000E699F /* ICGoogleDriveService.m in Sources */ = {isa = PBXBuildFile; fileRef = 227ACD38201C8765000E699F /* ICGoogleDriveService.m */; };
		227ACD52201C8765000E699F /* ICOneDriveService.m in Sources */ = {isa = PBXBuildFile; fileRef = 227ACD3C201C8765000E699F /* ICOneDriveService.m */; };
		227ACD53201C8765000E699F /* ICOAuthResponse.m in Sources */ = {isa = PBXBuildFile; fileRef = 227ACD3F201C8765000E699F /* ICOAuthResponse.m */; };
		227ACD54201C8765000E699F /* TOSystemDocumentProviderManager.m in Sources */ = {isa = PBXBuildFile; fileRef = 227ACD43201C8765000E699F /* TOSystemDocumentProviderManager.m */; };
		22FC4C731FF8C4700055FDF5 /* TOAppDelegate.m in Sources */ = {isa = PBXBuildFile; fileRef = 22FC4C721FF8C4700055FDF5 /* TOAppDelegate.m */; };
		22FC4C761FF8C4700055FDF5 /* TOViewController.m in Sources */ = {isa = PBXBuildFile; fileRef = 22FC4C751FF8C4700055FDF5 /* TOViewController.m */; };
		22FC4C7B1FF8C4700055FDF5 /* Assets.xcassets in Resources */ = {isa = PBXBuildFile; fileRef = 22FC4C7A1FF8C4700055FDF5 /* Assets.xcassets */; };
		22FC4C7E1FF8C4700055FDF5 /* LaunchScreen.storyboard in Resources */ = {isa = PBXBuildFile; fileRef = 22FC4C7C1FF8C4700055FDF5 /* LaunchScreen.storyboard */; };
		22FC4C811FF8C4700055FDF5 /* main.m in Sources */ = {isa = PBXBuildFile; fileRef = 22FC4C801FF8C4700055FDF5 /* main.m */; };
		4CA54429991064D3F2C92ACC /* libPods-TOFileKitExample.a in Frameworks */ = {isa = PBXBuildFile; fileRef = 1D38893175A434E7E3F01D5B /* libPods-TOFileKitExample.a */; };
/* End PBXBuildFile section */

/* Begin PBXFileReference section */
		1D38893175A434E7E3F01D5B /* libPods-TOFileKitExample.a */ = {isa = PBXFileReference; explicitFileType = archive.ar; includeInIndex = 0; path = "libPods-TOFileKitExample.a"; sourceTree = BUILT_PRODUCTS_DIR; };
		227ACCFE201C5CB8000E699F /* TOFileAccountsViewController.m */ = {isa = PBXFileReference; fileEncoding = 4; lastKnownFileType = sourcecode.c.objc; path = TOFileAccountsViewController.m; sourceTree = "<group>"; };
		227ACCFF201C5CB8000E699F /* TOFileAccountsViewController.h */ = {isa = PBXFileReference; fileEncoding = 4; lastKnownFileType = sourcecode.c.h; path = TOFileAccountsViewController.h; sourceTree = "<group>"; };
		227ACD01201C619C000E699F /* TOFileServicePickerViewController.h */ = {isa = PBXFileReference; fileEncoding = 4; lastKnownFileType = sourcecode.c.h; path = TOFileServicePickerViewController.h; sourceTree = "<group>"; };
		227ACD02201C619C000E699F /* TOFileServicePickerViewController.m */ = {isa = PBXFileReference; fileEncoding = 4; lastKnownFileType = sourcecode.c.objc; path = TOFileServicePickerViewController.m; sourceTree = "<group>"; };
		227ACD1C201C8765000E699F /* TOLocalNetworkService.m */ = {isa = PBXFileReference; fileEncoding = 4; lastKnownFileType = sourcecode.c.objc; path = TOLocalNetworkService.m; sourceTree = "<group>"; };
		227ACD1D201C8765000E699F /* TOLocalNetworkServiceDiscoveryManager.h */ = {isa = PBXFileReference; fileEncoding = 4; lastKnownFileType = sourcecode.c.h; path = TOLocalNetworkServiceDiscoveryManager.h; sourceTree = "<group>"; };
		227ACD1E201C8765000E699F /* TOLocalNetworkService.h */ = {isa = PBXFileReference; fileEncoding = 4; lastKnownFileType = sourcecode.c.h; path = TOLocalNetworkService.h; sourceTree = "<group>"; };
		227ACD1F201C8765000E699F /* TOLocalNetworkServiceDiscoveryManager.m */ = {isa = PBXFileReference; fileEncoding = 4; lastKnownFileType = sourcecode.c.objc; path = TOLocalNetworkServiceDiscoveryManager.m; sourceTree = "<group>"; };
		227ACD21201C8765000E699F /* TOFileDownload.h */ = {isa = PBXFileReference; fileEncoding = 4; lastKnownFileType = sourcecode.c.h; path = TOFileDownload.h; sourceTree = "<group>"; };
		227ACD22201C8765000E699F /* TOFileAccount.h */ = {isa = PBXFileReference; fileEncoding = 4; lastKnownFileType = sourcecode.c.h; path = TOFileAccount.h; sourceTree = "<group>"; };
		227ACD23201C8765000E699F /* TOFileDownload.m */ = {isa = PBXFileReference; fileEncoding = 4; lastKnownFileType = sourcecode.c.objc; path = TOFileDownload.m; sourceTree = "<group>"; };
		227ACD24201C8765000E699F /* TOFileAccount.m */ = {isa = PBXFileReference; fileEncoding = 4; lastKnownFileType = sourcecode.c.objc; path = TOFileAccount.m; sourceTree = "<group>"; };
		227ACD27201C8765000E699F /* ICSMBService.m */ = {isa = PBXFileReference; fileEncoding = 4; lastKnownFileType = sourcecode.c.objc; path = ICSMBService.m; sourceTree = "<group>"; };
		227ACD28201C8765000E699F /* ICSFTPService.m */ = {isa = PBXFileReference; fileEncoding = 4; lastKnownFileType = sourcecode.c.objc; path = ICSFTPService.m; sourceTree = "<group>"; };
		227ACD29201C8765000E699F /* ICNetworkDownloadService.h */ = {isa = PBXFileReference; fileEncoding = 4; lastKnownFileType = sourcecode.c.h; path = ICNetworkDownloadService.h; sourceTree = "<group>"; };
		227ACD2A201C8765000E699F /* ICFTPService.h */ = {isa = PBXFileReference; fileEncoding = 4; lastKnownFileType = sourcecode.c.h; path = ICFTPService.h; sourceTree = "<group>"; };
		227ACD2B201C8765000E699F /* ICWebDAVService.m */ = {isa = PBXFileReference; fileEncoding = 4; lastKnownFileType = sourcecode.c.objc; path = ICWebDAVService.m; sourceTree = "<group>"; };
		227ACD2C201C8765000E699F /* ICSMBService.h */ = {isa = PBXFileReference; fileEncoding = 4; lastKnownFileType = sourcecode.c.h; path = ICSMBService.h; sourceTree = "<group>"; };
		227ACD2D201C8765000E699F /* ICSFTPService.h */ = {isa = PBXFileReference; fileEncoding = 4; lastKnownFileType = sourcecode.c.h; path = ICSFTPService.h; sourceTree = "<group>"; };
		227ACD2E201C8765000E699F /* ICFTPService.m */ = {isa = PBXFileReference; fileEncoding = 4; lastKnownFileType = sourcecode.c.objc; path = ICFTPService.m; sourceTree = "<group>"; };
		227ACD2F201C8765000E699F /* ICNetworkDownloadService.m */ = {isa = PBXFileReference; fileEncoding = 4; lastKnownFileType = sourcecode.c.objc; path = ICNetworkDownloadService.m; sourceTree = "<group>"; };
		227ACD30201C8765000E699F /* ICWebDAVService.h */ = {isa = PBXFileReference; fileEncoding = 4; lastKnownFileType = sourcecode.c.h; path = ICWebDAVService.h; sourceTree = "<group>"; };
		227ACD31201C8765000E699F /* ICDownloadService.h */ = {isa = PBXFileReference; fileEncoding = 4; lastKnownFileType = sourcecode.c.h; path = ICDownloadService.h; sourceTree = "<group>"; };
		227ACD32201C8765000E699F /* ICDownloadService.m */ = {isa = PBXFileReference; fileEncoding = 4; lastKnownFileType = sourcecode.c.objc; path = ICDownloadService.m; sourceTree = "<group>"; };
		227ACD34201C8765000E699F /* ICDropboxService.m */ = {isa = PBXFileReference; fileEncoding = 4; lastKnownFileType = sourcecode.c.objc; path = ICDropboxService.m; sourceTree = "<group>"; };
		227ACD35201C8765000E699F /* ICBoxService.m */ = {isa = PBXFileReference; fileEncoding = 4; lastKnownFileType = sourcecode.c.objc; path = ICBoxService.m; sourceTree = "<group>"; };
		227ACD36201C8765000E699F /* ICOAuthDownloadService.m */ = {isa = PBXFileReference; fileEncoding = 4; lastKnownFileType = sourcecode.c.objc; path = ICOAuthDownloadService.m; sourceTree = "<group>"; };
		227ACD37201C8765000E699F /* ICOneDriveService.h */ = {isa = PBXFileReference; fileEncoding = 4; lastKnownFileType = sourcecode.c.h; path = ICOneDriveService.h; sourceTree = "<group>"; };
		227ACD38201C8765000E699F /* ICGoogleDriveService.m */ = {isa = PBXFileReference; fileEncoding = 4; lastKnownFileType = sourcecode.c.objc; path = ICGoogleDriveService.m; sourceTree = "<group>"; };
		227ACD39201C8765000E699F /* ICOAuthDownloadService.h */ = {isa = PBXFileReference; fileEncoding = 4; lastKnownFileType = sourcecode.c.h; path = ICOAuthDownloadService.h; sourceTree = "<group>"; };
		227ACD3A201C8765000E699F /* ICBoxService.h */ = {isa = PBXFileReference; fileEncoding = 4; lastKnownFileType = sourcecode.c.h; path = ICBoxService.h; sourceTree = "<group>"; };
		227ACD3B201C8765000E699F /* ICDropboxService.h */ = {isa = PBXFileReference; fileEncoding = 4; lastKnownFileType = sourcecode.c.h; path = ICDropboxService.h; sourceTree = "<group>"; };
		227ACD3C201C8765000E699F /* ICOneDriveService.m */ = {isa = PBXFileReference; fileEncoding = 4; lastKnownFileType = sourcecode.c.objc; path = ICOneDriveService.m; sourceTree = "<group>"; };
		227ACD3D201C8765000E699F /* ICGoogleDriveService.h */ = {isa = PBXFileReference; fileEncoding = 4; lastKnownFileType = sourcecode.c.h; path = ICGoogleDriveService.h; sourceTree = "<group>"; };
		227ACD3F201C8765000E699F /* ICOAuthResponse.m */ = {isa = PBXFileReference; fileEncoding = 4; lastKnownFileType = sourcecode.c.objc; path = ICOAuthResponse.m; sourceTree = "<group>"; };
		227ACD40201C8765000E699F /* ICOAuthResponse.h */ = {isa = PBXFileReference; fileEncoding = 4; lastKnownFileType = sourcecode.c.h; path = ICOAuthResponse.h; sourceTree = "<group>"; };
		227ACD42201C8765000E699F /* TOSystemDocumentProviderManager.h */ = {isa = PBXFileReference; fileEncoding = 4; lastKnownFileType = sourcecode.c.h; path = TOSystemDocumentProviderManager.h; sourceTree = "<group>"; };
		227ACD43201C8765000E699F /* TOSystemDocumentProviderManager.m */ = {isa = PBXFileReference; fileEncoding = 4; lastKnownFileType = sourcecode.c.objc; path = TOSystemDocumentProviderManager.m; sourceTree = "<group>"; };
		22FC4C6E1FF8C4700055FDF5 /* TOFileKitExample.app */ = {isa = PBXFileReference; explicitFileType = wrapper.application; includeInIndex = 0; path = TOFileKitExample.app; sourceTree = BUILT_PRODUCTS_DIR; };
		22FC4C711FF8C4700055FDF5 /* TOAppDelegate.h */ = {isa = PBXFileReference; lastKnownFileType = sourcecode.c.h; path = TOAppDelegate.h; sourceTree = "<group>"; };
		22FC4C721FF8C4700055FDF5 /* TOAppDelegate.m */ = {isa = PBXFileReference; lastKnownFileType = sourcecode.c.objc; path = TOAppDelegate.m; sourceTree = "<group>"; };
		22FC4C741FF8C4700055FDF5 /* TOViewController.h */ = {isa = PBXFileReference; lastKnownFileType = sourcecode.c.h; path = TOViewController.h; sourceTree = "<group>"; };
		22FC4C751FF8C4700055FDF5 /* TOViewController.m */ = {isa = PBXFileReference; lastKnownFileType = sourcecode.c.objc; path = TOViewController.m; sourceTree = "<group>"; };
		22FC4C7A1FF8C4700055FDF5 /* Assets.xcassets */ = {isa = PBXFileReference; lastKnownFileType = folder.assetcatalog; path = Assets.xcassets; sourceTree = "<group>"; };
		22FC4C7D1FF8C4700055FDF5 /* Base */ = {isa = PBXFileReference; lastKnownFileType = file.storyboard; name = Base; path = Base.lproj/LaunchScreen.storyboard; sourceTree = "<group>"; };
		22FC4C7F1FF8C4700055FDF5 /* Info.plist */ = {isa = PBXFileReference; lastKnownFileType = text.plist.xml; path = Info.plist; sourceTree = "<group>"; };
		22FC4C801FF8C4700055FDF5 /* main.m */ = {isa = PBXFileReference; lastKnownFileType = sourcecode.c.objc; path = main.m; sourceTree = "<group>"; };
		3956E121D1B16986653128CE /* Pods-TOFileKitExample.debug.xcconfig */ = {isa = PBXFileReference; includeInIndex = 1; lastKnownFileType = text.xcconfig; name = "Pods-TOFileKitExample.debug.xcconfig"; path = "Pods/Target Support Files/Pods-TOFileKitExample/Pods-TOFileKitExample.debug.xcconfig"; sourceTree = "<group>"; };
		7F712ADB51AA8E4BAD337935 /* Pods-TOFileKitExample.release.xcconfig */ = {isa = PBXFileReference; includeInIndex = 1; lastKnownFileType = text.xcconfig; name = "Pods-TOFileKitExample.release.xcconfig"; path = "Pods/Target Support Files/Pods-TOFileKitExample/Pods-TOFileKitExample.release.xcconfig"; sourceTree = "<group>"; };
/* End PBXFileReference section */

/* Begin PBXFrameworksBuildPhase section */
		22FC4C6B1FF8C4700055FDF5 /* Frameworks */ = {
			isa = PBXFrameworksBuildPhase;
			buildActionMask = 2147483647;
			files = (
				4CA54429991064D3F2C92ACC /* libPods-TOFileKitExample.a in Frameworks */,
			);
			runOnlyForDeploymentPostprocessing = 0;
		};
/* End PBXFrameworksBuildPhase section */

/* Begin PBXGroup section */
		227ACCFD201C5CB8000E699F /* Controllers */ = {
			isa = PBXGroup;
			children = (
				227ACCFF201C5CB8000E699F /* TOFileAccountsViewController.h */,
				227ACCFE201C5CB8000E699F /* TOFileAccountsViewController.m */,
				227ACD01201C619C000E699F /* TOFileServicePickerViewController.h */,
				227ACD02201C619C000E699F /* TOFileServicePickerViewController.m */,
			);
			path = Controllers;
			sourceTree = "<group>";
		};
		227ACD1A201C8765000E699F /* Models */ = {
			isa = PBXGroup;
			children = (
				227ACD20201C8765000E699F /* Realm */,
				227ACD1B201C8765000E699F /* LocalNetworkServices */,
				227ACD25201C8765000E699F /* FileServices */,
				227ACD41201C8765000E699F /* SystemDocumentProviders */,
			);
			path = Models;
			sourceTree = "<group>";
		};
		227ACD1B201C8765000E699F /* LocalNetworkServices */ = {
			isa = PBXGroup;
			children = (
				227ACD1C201C8765000E699F /* TOLocalNetworkService.m */,
				227ACD1D201C8765000E699F /* TOLocalNetworkServiceDiscoveryManager.h */,
				227ACD1E201C8765000E699F /* TOLocalNetworkService.h */,
				227ACD1F201C8765000E699F /* TOLocalNetworkServiceDiscoveryManager.m */,
			);
			path = LocalNetworkServices;
			sourceTree = "<group>";
		};
		227ACD20201C8765000E699F /* Realm */ = {
			isa = PBXGroup;
			children = (
				227ACD22201C8765000E699F /* TOFileAccount.h */,
				227ACD24201C8765000E699F /* TOFileAccount.m */,
				227ACD21201C8765000E699F /* TOFileDownload.h */,
				227ACD23201C8765000E699F /* TOFileDownload.m */,
			);
			path = Realm;
			sourceTree = "<group>";
		};
		227ACD25201C8765000E699F /* FileServices */ = {
			isa = PBXGroup;
			children = (
				227ACD26201C8765000E699F /* NetworkServices */,
				227ACD31201C8765000E699F /* ICDownloadService.h */,
				227ACD32201C8765000E699F /* ICDownloadService.m */,
				227ACD33201C8765000E699F /* OAuthServices */,
				227ACD3E201C8765000E699F /* RESTResponses */,
			);
			path = FileServices;
			sourceTree = "<group>";
		};
		227ACD26201C8765000E699F /* NetworkServices */ = {
			isa = PBXGroup;
			children = (
				227ACD27201C8765000E699F /* ICSMBService.m */,
				227ACD28201C8765000E699F /* ICSFTPService.m */,
				227ACD29201C8765000E699F /* ICNetworkDownloadService.h */,
				227ACD2A201C8765000E699F /* ICFTPService.h */,
				227ACD2B201C8765000E699F /* ICWebDAVService.m */,
				227ACD2C201C8765000E699F /* ICSMBService.h */,
				227ACD2D201C8765000E699F /* ICSFTPService.h */,
				227ACD2E201C8765000E699F /* ICFTPService.m */,
				227ACD2F201C8765000E699F /* ICNetworkDownloadService.m */,
				227ACD30201C8765000E699F /* ICWebDAVService.h */,
			);
			path = NetworkServices;
			sourceTree = "<group>";
		};
		227ACD33201C8765000E699F /* OAuthServices */ = {
			isa = PBXGroup;
			children = (
				227ACD34201C8765000E699F /* ICDropboxService.m */,
				227ACD35201C8765000E699F /* ICBoxService.m */,
				227ACD36201C8765000E699F /* ICOAuthDownloadService.m */,
				227ACD37201C8765000E699F /* ICOneDriveService.h */,
				227ACD38201C8765000E699F /* ICGoogleDriveService.m */,
				227ACD39201C8765000E699F /* ICOAuthDownloadService.h */,
				227ACD3A201C8765000E699F /* ICBoxService.h */,
				227ACD3B201C8765000E699F /* ICDropboxService.h */,
				227ACD3C201C8765000E699F /* ICOneDriveService.m */,
				227ACD3D201C8765000E699F /* ICGoogleDriveService.h */,
			);
			path = OAuthServices;
			sourceTree = "<group>";
		};
		227ACD3E201C8765000E699F /* RESTResponses */ = {
			isa = PBXGroup;
			children = (
				227ACD3F201C8765000E699F /* ICOAuthResponse.m */,
				227ACD40201C8765000E699F /* ICOAuthResponse.h */,
			);
			path = RESTResponses;
			sourceTree = "<group>";
		};
		227ACD41201C8765000E699F /* SystemDocumentProviders */ = {
			isa = PBXGroup;
			children = (
				227ACD42201C8765000E699F /* TOSystemDocumentProviderManager.h */,
				227ACD43201C8765000E699F /* TOSystemDocumentProviderManager.m */,
			);
			path = SystemDocumentProviders;
			sourceTree = "<group>";
		};
		227ACD55201C8773000E699F /* Views */ = {
			isa = PBXGroup;
			children = (
			);
			path = Views;
			sourceTree = "<group>";
		};
		22E7C17D201C499500AF8BFE /* TOFileKit */ = {
			isa = PBXGroup;
			children = (
				227ACD1A201C8765000E699F /* Models */,
				227ACD55201C8773000E699F /* Views */,
				227ACCFD201C5CB8000E699F /* Controllers */,
			);
			path = TOFileKit;
			sourceTree = "<group>";
		};
		22FC4C651FF8C4700055FDF5 = {
			isa = PBXGroup;
			children = (
				22E7C17D201C499500AF8BFE /* TOFileKit */,
				22FC4C701FF8C4700055FDF5 /* TOFileKitExample */,
				22FC4C6F1FF8C4700055FDF5 /* Products */,
				6D12CD4C654C0279A56E1284 /* Pods */,
				257ABD49DD99BF8F245F1CEF /* Frameworks */,
			);
			sourceTree = "<group>";
		};
		22FC4C6F1FF8C4700055FDF5 /* Products */ = {
			isa = PBXGroup;
			children = (
				22FC4C6E1FF8C4700055FDF5 /* TOFileKitExample.app */,
			);
			name = Products;
			sourceTree = "<group>";
		};
		22FC4C701FF8C4700055FDF5 /* TOFileKitExample */ = {
			isa = PBXGroup;
			children = (
				22FC4C711FF8C4700055FDF5 /* TOAppDelegate.h */,
				22FC4C721FF8C4700055FDF5 /* TOAppDelegate.m */,
				22FC4C741FF8C4700055FDF5 /* TOViewController.h */,
				22FC4C751FF8C4700055FDF5 /* TOViewController.m */,
				22FC4C7A1FF8C4700055FDF5 /* Assets.xcassets */,
				22FC4C7C1FF8C4700055FDF5 /* LaunchScreen.storyboard */,
				22FC4C7F1FF8C4700055FDF5 /* Info.plist */,
				22FC4C801FF8C4700055FDF5 /* main.m */,
			);
			path = TOFileKitExample;
			sourceTree = "<group>";
		};
		257ABD49DD99BF8F245F1CEF /* Frameworks */ = {
			isa = PBXGroup;
			children = (
				1D38893175A434E7E3F01D5B /* libPods-TOFileKitExample.a */,
			);
			name = Frameworks;
			sourceTree = "<group>";
		};
		6D12CD4C654C0279A56E1284 /* Pods */ = {
			isa = PBXGroup;
			children = (
				3956E121D1B16986653128CE /* Pods-TOFileKitExample.debug.xcconfig */,
				7F712ADB51AA8E4BAD337935 /* Pods-TOFileKitExample.release.xcconfig */,
			);
			name = Pods;
			sourceTree = "<group>";
		};
/* End PBXGroup section */

/* Begin PBXNativeTarget section */
		22FC4C6D1FF8C4700055FDF5 /* TOFileKitExample */ = {
			isa = PBXNativeTarget;
			buildConfigurationList = 22FC4C841FF8C4700055FDF5 /* Build configuration list for PBXNativeTarget "TOFileKitExample" */;
			buildPhases = (
				AF2CDDBA4CE19B66061E0D53 /* [CP] Check Pods Manifest.lock */,
				22FC4C6A1FF8C4700055FDF5 /* Sources */,
				22FC4C6B1FF8C4700055FDF5 /* Frameworks */,
				22FC4C6C1FF8C4700055FDF5 /* Resources */,
				843080F61450A86EEA69A3D8 /* [CP] Embed Pods Frameworks */,
				DB420A69A7FFCCF2B988D982 /* [CP] Copy Pods Resources */,
			);
			buildRules = (
			);
			dependencies = (
			);
			name = TOFileKitExample;
			productName = TOFileKitExample;
			productReference = 22FC4C6E1FF8C4700055FDF5 /* TOFileKitExample.app */;
			productType = "com.apple.product-type.application";
		};
/* End PBXNativeTarget section */

/* Begin PBXProject section */
		22FC4C661FF8C4700055FDF5 /* Project object */ = {
			isa = PBXProject;
			attributes = {
				LastUpgradeCheck = 0920;
				ORGANIZATIONNAME = "Tim Oliver";
				TargetAttributes = {
					22FC4C6D1FF8C4700055FDF5 = {
						CreatedOnToolsVersion = 9.2;
						ProvisioningStyle = Automatic;
					};
				};
			};
			buildConfigurationList = 22FC4C691FF8C4700055FDF5 /* Build configuration list for PBXProject "TOFileKitExample" */;
			compatibilityVersion = "Xcode 8.0";
			developmentRegion = en;
			hasScannedForEncodings = 0;
			knownRegions = (
				en,
				Base,
			);
			mainGroup = 22FC4C651FF8C4700055FDF5;
			productRefGroup = 22FC4C6F1FF8C4700055FDF5 /* Products */;
			projectDirPath = "";
			projectRoot = "";
			targets = (
				22FC4C6D1FF8C4700055FDF5 /* TOFileKitExample */,
			);
		};
/* End PBXProject section */

/* Begin PBXResourcesBuildPhase section */
		22FC4C6C1FF8C4700055FDF5 /* Resources */ = {
			isa = PBXResourcesBuildPhase;
			buildActionMask = 2147483647;
			files = (
				22FC4C7E1FF8C4700055FDF5 /* LaunchScreen.storyboard in Resources */,
				22FC4C7B1FF8C4700055FDF5 /* Assets.xcassets in Resources */,
			);
			runOnlyForDeploymentPostprocessing = 0;
		};
/* End PBXResourcesBuildPhase section */

/* Begin PBXShellScriptBuildPhase section */
		843080F61450A86EEA69A3D8 /* [CP] Embed Pods Frameworks */ = {
			isa = PBXShellScriptBuildPhase;
			buildActionMask = 2147483647;
			files = (
			);
			inputPaths = (
			);
			name = "[CP] Embed Pods Frameworks";
			outputPaths = (
			);
			runOnlyForDeploymentPostprocessing = 0;
			shellPath = /bin/sh;
			shellScript = "\"${SRCROOT}/Pods/Target Support Files/Pods-TOFileKitExample/Pods-TOFileKitExample-frameworks.sh\"\n";
			showEnvVarsInLog = 0;
		};
		AF2CDDBA4CE19B66061E0D53 /* [CP] Check Pods Manifest.lock */ = {
			isa = PBXShellScriptBuildPhase;
			buildActionMask = 2147483647;
			files = (
			);
			inputPaths = (
				"${PODS_PODFILE_DIR_PATH}/Podfile.lock",
				"${PODS_ROOT}/Manifest.lock",
			);
			name = "[CP] Check Pods Manifest.lock";
			outputPaths = (
				"$(DERIVED_FILE_DIR)/Pods-TOFileKitExample-checkManifestLockResult.txt",
			);
			runOnlyForDeploymentPostprocessing = 0;
			shellPath = /bin/sh;
			shellScript = "diff \"${PODS_PODFILE_DIR_PATH}/Podfile.lock\" \"${PODS_ROOT}/Manifest.lock\" > /dev/null\nif [ $? != 0 ] ; then\n    # print error to STDERR\n    echo \"error: The sandbox is not in sync with the Podfile.lock. Run 'pod install' or update your CocoaPods installation.\" >&2\n    exit 1\nfi\n# This output is used by Xcode 'outputs' to avoid re-running this script phase.\necho \"SUCCESS\" > \"${SCRIPT_OUTPUT_FILE_0}\"\n";
			showEnvVarsInLog = 0;
		};
		DB420A69A7FFCCF2B988D982 /* [CP] Copy Pods Resources */ = {
			isa = PBXShellScriptBuildPhase;
			buildActionMask = 2147483647;
			files = (
			);
			inputPaths = (
				"${SRCROOT}/Pods/Target Support Files/Pods-TOFileKitExample/Pods-TOFileKitExample-resources.sh",
				"${PODS_CONFIGURATION_BUILD_DIR}/1PasswordExtension/OnePasswordExtensionResources.bundle",
				"${PODS_CONFIGURATION_BUILD_DIR}/TOSearchBar/TOSearchBarBundle.bundle",
				"${PODS_ROOT}/XLForm/XLForm/XLForm.bundle",
			);
			name = "[CP] Copy Pods Resources";
			outputPaths = (
				"${TARGET_BUILD_DIR}/${UNLOCALIZED_RESOURCES_FOLDER_PATH}/OnePasswordExtensionResources.bundle",
				"${TARGET_BUILD_DIR}/${UNLOCALIZED_RESOURCES_FOLDER_PATH}/TOSearchBarBundle.bundle",
				"${TARGET_BUILD_DIR}/${UNLOCALIZED_RESOURCES_FOLDER_PATH}/XLForm.bundle",
			);
			runOnlyForDeploymentPostprocessing = 0;
			shellPath = /bin/sh;
			shellScript = "\"${SRCROOT}/Pods/Target Support Files/Pods-TOFileKitExample/Pods-TOFileKitExample-resources.sh\"\n";
			showEnvVarsInLog = 0;
		};
/* End PBXShellScriptBuildPhase section */

/* Begin PBXSourcesBuildPhase section */
		22FC4C6A1FF8C4700055FDF5 /* Sources */ = {
			isa = PBXSourcesBuildPhase;
			buildActionMask = 2147483647;
			files = (
				227ACD45201C8765000E699F /* TOLocalNetworkServiceDiscoveryManager.m in Sources */,
				227ACD4F201C8765000E699F /* ICBoxService.m in Sources */,
				227ACD49201C8765000E699F /* ICSFTPService.m in Sources */,
				227ACD53201C8765000E699F /* ICOAuthResponse.m in Sources */,
				227ACD4A201C8765000E699F /* ICWebDAVService.m in Sources */,
				22FC4C761FF8C4700055FDF5 /* TOViewController.m in Sources */,
				227ACD48201C8765000E699F /* ICSMBService.m in Sources */,
				227ACD47201C8765000E699F /* TOFileAccount.m in Sources */,
				227ACD52201C8765000E699F /* ICOneDriveService.m in Sources */,
				227ACD54201C8765000E699F /* TOSystemDocumentProviderManager.m in Sources */,
				22FC4C811FF8C4700055FDF5 /* main.m in Sources */,
				22FC4C731FF8C4700055FDF5 /* TOAppDelegate.m in Sources */,
				227ACD4E201C8765000E699F /* ICDropboxService.m in Sources */,
				227ACD4C201C8765000E699F /* ICNetworkDownloadService.m in Sources */,
				227ACD50201C8765000E699F /* ICOAuthDownloadService.m in Sources */,
				227ACD00201C5CB8000E699F /* TOFileAccountsViewController.m in Sources */,
				227ACD51201C8765000E699F /* ICGoogleDriveService.m in Sources */,
				227ACD03201C619C000E699F /* TOFileServicePickerViewController.m in Sources */,
				227ACD46201C8765000E699F /* TOFileDownload.m in Sources */,
				227ACD44201C8765000E699F /* TOLocalNetworkService.m in Sources */,
				227ACD4B201C8765000E699F /* ICFTPService.m in Sources */,
				227ACD4D201C8765000E699F /* ICDownloadService.m in Sources */,
			);
			runOnlyForDeploymentPostprocessing = 0;
		};
/* End PBXSourcesBuildPhase section */

/* Begin PBXVariantGroup section */
		22FC4C7C1FF8C4700055FDF5 /* LaunchScreen.storyboard */ = {
			isa = PBXVariantGroup;
			children = (
				22FC4C7D1FF8C4700055FDF5 /* Base */,
			);
			name = LaunchScreen.storyboard;
			sourceTree = "<group>";
		};
/* End PBXVariantGroup section */

/* Begin XCBuildConfiguration section */
		22FC4C821FF8C4700055FDF5 /* Debug */ = {
			isa = XCBuildConfiguration;
			buildSettings = {
				ALWAYS_SEARCH_USER_PATHS = NO;
				CLANG_ANALYZER_NONNULL = YES;
				CLANG_ANALYZER_NUMBER_OBJECT_CONVERSION = YES_AGGRESSIVE;
				CLANG_CXX_LANGUAGE_STANDARD = "gnu++14";
				CLANG_CXX_LIBRARY = "libc++";
				CLANG_ENABLE_MODULES = YES;
				CLANG_ENABLE_OBJC_ARC = YES;
				CLANG_WARN_BLOCK_CAPTURE_AUTORELEASING = YES;
				CLANG_WARN_BOOL_CONVERSION = YES;
				CLANG_WARN_COMMA = YES;
				CLANG_WARN_CONSTANT_CONVERSION = YES;
				CLANG_WARN_DIRECT_OBJC_ISA_USAGE = YES_ERROR;
				CLANG_WARN_DOCUMENTATION_COMMENTS = YES;
				CLANG_WARN_EMPTY_BODY = YES;
				CLANG_WARN_ENUM_CONVERSION = YES;
				CLANG_WARN_INFINITE_RECURSION = YES;
				CLANG_WARN_INT_CONVERSION = YES;
				CLANG_WARN_NON_LITERAL_NULL_CONVERSION = YES;
				CLANG_WARN_OBJC_LITERAL_CONVERSION = YES;
				CLANG_WARN_OBJC_ROOT_CLASS = YES_ERROR;
				CLANG_WARN_RANGE_LOOP_ANALYSIS = YES;
				CLANG_WARN_STRICT_PROTOTYPES = YES;
				CLANG_WARN_SUSPICIOUS_MOVE = YES;
				CLANG_WARN_UNGUARDED_AVAILABILITY = YES_AGGRESSIVE;
				CLANG_WARN_UNREACHABLE_CODE = YES;
				CLANG_WARN__DUPLICATE_METHOD_MATCH = YES;
				CODE_SIGN_IDENTITY = "iPhone Developer";
				COPY_PHASE_STRIP = NO;
				DEBUG_INFORMATION_FORMAT = dwarf;
				ENABLE_STRICT_OBJC_MSGSEND = YES;
				ENABLE_TESTABILITY = YES;
				GCC_C_LANGUAGE_STANDARD = gnu11;
				GCC_DYNAMIC_NO_PIC = NO;
				GCC_NO_COMMON_BLOCKS = YES;
				GCC_OPTIMIZATION_LEVEL = 0;
				GCC_PREPROCESSOR_DEFINITIONS = (
					"DEBUG=1",
					"$(inherited)",
				);
				GCC_WARN_64_TO_32_BIT_CONVERSION = YES;
				GCC_WARN_ABOUT_RETURN_TYPE = YES_ERROR;
				GCC_WARN_UNDECLARED_SELECTOR = YES;
				GCC_WARN_UNINITIALIZED_AUTOS = YES_AGGRESSIVE;
				GCC_WARN_UNUSED_FUNCTION = YES;
				GCC_WARN_UNUSED_VARIABLE = YES;
				IPHONEOS_DEPLOYMENT_TARGET = 11.2;
				MTL_ENABLE_DEBUG_INFO = YES;
				ONLY_ACTIVE_ARCH = YES;
				SDKROOT = iphoneos;
			};
			name = Debug;
		};
		22FC4C831FF8C4700055FDF5 /* Release */ = {
			isa = XCBuildConfiguration;
			buildSettings = {
				ALWAYS_SEARCH_USER_PATHS = NO;
				CLANG_ANALYZER_NONNULL = YES;
				CLANG_ANALYZER_NUMBER_OBJECT_CONVERSION = YES_AGGRESSIVE;
				CLANG_CXX_LANGUAGE_STANDARD = "gnu++14";
				CLANG_CXX_LIBRARY = "libc++";
				CLANG_ENABLE_MODULES = YES;
				CLANG_ENABLE_OBJC_ARC = YES;
				CLANG_WARN_BLOCK_CAPTURE_AUTORELEASING = YES;
				CLANG_WARN_BOOL_CONVERSION = YES;
				CLANG_WARN_COMMA = YES;
				CLANG_WARN_CONSTANT_CONVERSION = YES;
				CLANG_WARN_DIRECT_OBJC_ISA_USAGE = YES_ERROR;
				CLANG_WARN_DOCUMENTATION_COMMENTS = YES;
				CLANG_WARN_EMPTY_BODY = YES;
				CLANG_WARN_ENUM_CONVERSION = YES;
				CLANG_WARN_INFINITE_RECURSION = YES;
				CLANG_WARN_INT_CONVERSION = YES;
				CLANG_WARN_NON_LITERAL_NULL_CONVERSION = YES;
				CLANG_WARN_OBJC_LITERAL_CONVERSION = YES;
				CLANG_WARN_OBJC_ROOT_CLASS = YES_ERROR;
				CLANG_WARN_RANGE_LOOP_ANALYSIS = YES;
				CLANG_WARN_STRICT_PROTOTYPES = YES;
				CLANG_WARN_SUSPICIOUS_MOVE = YES;
				CLANG_WARN_UNGUARDED_AVAILABILITY = YES_AGGRESSIVE;
				CLANG_WARN_UNREACHABLE_CODE = YES;
				CLANG_WARN__DUPLICATE_METHOD_MATCH = YES;
				CODE_SIGN_IDENTITY = "iPhone Developer";
				COPY_PHASE_STRIP = NO;
				DEBUG_INFORMATION_FORMAT = "dwarf-with-dsym";
				ENABLE_NS_ASSERTIONS = NO;
				ENABLE_STRICT_OBJC_MSGSEND = YES;
				GCC_C_LANGUAGE_STANDARD = gnu11;
				GCC_NO_COMMON_BLOCKS = YES;
				GCC_WARN_64_TO_32_BIT_CONVERSION = YES;
				GCC_WARN_ABOUT_RETURN_TYPE = YES_ERROR;
				GCC_WARN_UNDECLARED_SELECTOR = YES;
				GCC_WARN_UNINITIALIZED_AUTOS = YES_AGGRESSIVE;
				GCC_WARN_UNUSED_FUNCTION = YES;
				GCC_WARN_UNUSED_VARIABLE = YES;
				IPHONEOS_DEPLOYMENT_TARGET = 11.2;
				MTL_ENABLE_DEBUG_INFO = NO;
				SDKROOT = iphoneos;
				VALIDATE_PRODUCT = YES;
			};
			name = Release;
		};
		22FC4C851FF8C4700055FDF5 /* Debug */ = {
			isa = XCBuildConfiguration;
			baseConfigurationReference = 3956E121D1B16986653128CE /* Pods-TOFileKitExample.debug.xcconfig */;
			buildSettings = {
				ASSETCATALOG_COMPILER_APPICON_NAME = AppIcon;
				CODE_SIGN_STYLE = Automatic;
				DEVELOPMENT_TEAM = 6LF3GMKZAB;
				INFOPLIST_FILE = TOFileKitExample/Info.plist;
				IPHONEOS_DEPLOYMENT_TARGET = 10.0;
				LD_RUNPATH_SEARCH_PATHS = "$(inherited) @executable_path/Frameworks";
				PRODUCT_BUNDLE_IDENTIFIER = net.timoliver.TOFileKitExample;
				PRODUCT_NAME = "$(TARGET_NAME)";
				TARGETED_DEVICE_FAMILY = "1,2";
			};
			name = Debug;
		};
		22FC4C861FF8C4700055FDF5 /* Release */ = {
			isa = XCBuildConfiguration;
			baseConfigurationReference = 7F712ADB51AA8E4BAD337935 /* Pods-TOFileKitExample.release.xcconfig */;
			buildSettings = {
				ASSETCATALOG_COMPILER_APPICON_NAME = AppIcon;
				CODE_SIGN_STYLE = Automatic;
				DEVELOPMENT_TEAM = 6LF3GMKZAB;
				INFOPLIST_FILE = TOFileKitExample/Info.plist;
				IPHONEOS_DEPLOYMENT_TARGET = 10.0;
				LD_RUNPATH_SEARCH_PATHS = "$(inherited) @executable_path/Frameworks";
				PRODUCT_BUNDLE_IDENTIFIER = net.timoliver.TOFileKitExample;
				PRODUCT_NAME = "$(TARGET_NAME)";
				TARGETED_DEVICE_FAMILY = "1,2";
			};
			name = Release;
		};
/* End XCBuildConfiguration section */

/* Begin XCConfigurationList section */
		22FC4C691FF8C4700055FDF5 /* Build configuration list for PBXProject "TOFileKitExample" */ = {
			isa = XCConfigurationList;
			buildConfigurations = (
				22FC4C821FF8C4700055FDF5 /* Debug */,
				22FC4C831FF8C4700055FDF5 /* Release */,
			);
			defaultConfigurationIsVisible = 0;
			defaultConfigurationName = Release;
		};
		22FC4C841FF8C4700055FDF5 /* Build configuration list for PBXNativeTarget "TOFileKitExample" */ = {
			isa = XCConfigurationList;
			buildConfigurations = (
				22FC4C851FF8C4700055FDF5 /* Debug */,
				22FC4C861FF8C4700055FDF5 /* Release */,
			);
			defaultConfigurationIsVisible = 0;
			defaultConfigurationName = Release;
		};
/* End XCConfigurationList section */
	};
	rootObject = 22FC4C661FF8C4700055FDF5 /* Project object */;
}
