PODS:
  - 1PasswordExtension (1.8.5)
  - GoldRaccoon (1.0.2)
  - Mantle (2.1.0):
    - Mantle/extobjc (= 2.1.0)
  - Mantle/extobjc (2.1.0)
  - NMSSH (2.3.1)
  - Realm (3.17.1):
    - Realm/Headers (= 3.17.1)
  - Realm/Headers (3.17.1)
  - Reveal-SDK (23)
  - TODocumentPickerViewController (0.2.2):
    - TOSearchBar
  - TOReachability (0.1.0)
  - TORoundedButton (1.1.2)
  - TORoundedTableView (0.2.0)
  - TOSearchBar (1.0.3)
  - TOSegmentedTabBarController (0.0.1)
  - TOSMBClient (1.0.8)

DEPENDENCIES:
  - 1PasswordExtension
  - GoldRaccoon (from `https://github.com/iComics/GoldRaccoon.git`)
  - Mantle
  - NMSSH
  - Realm
  - Reveal-SDK
  - TODocumentPickerViewController
  - TOReachability
  - TORoundedButton
  - TORoundedTableView
  - TOSegmentedTabBarController
  - TOSMBClient

SPEC REPOS:
  https://github.com/cocoapods/specs.git:
    - 1PasswordExtension
    - Mantle
    - NMSSH
    - Realm
    - Reveal-SDK
    - TODocumentPickerViewController
    - TOReachability
    - TORoundedButton
    - TORoundedTableView
    - TOSearchBar
    - TOSegmentedTabBarController
    - TOSMBClient

EXTERNAL SOURCES:
  GoldRaccoon:
    :git: https://github.com/iComics/GoldRaccoon.git

CHECKOUT OPTIONS:
  GoldRaccoon:
    :commit: 0d3c6f06069e9dc90d2783c3db12ccb1e6bb1e59
    :git: https://github.com/iComics/GoldRaccoon.git

SPEC CHECKSUMS:
  1PasswordExtension: 0e95bdea64ec8ff2f4f693be5467a09fac42a83d
  GoldRaccoon: a9143566afe37c2aba38589512aef83566a52573
  Mantle: 2fa750afa478cd625a94230fbf1c13462f29395b
  NMSSH: cd689ae535a1581a6dd9fd4600ff71247df510a6
  Realm: c204f1a890f07dea43b14132a6aad118c054b8f2
  Reveal-SDK: bb223749b198a2b9bad6043ec6ad748f99e7abe5
  TODocumentPickerViewController: 8c0eaf3b72a4f9970f8d82c3069bb71636f6c207
  TOReachability: 456e737aa1457a880a90762293f55737517168d0
  TORoundedButton: d40dbf6f830dbe7a784a592d9f7933a3a49fd31e
  TORoundedTableView: f20dff678a8e09d47cad342f015fb7a7741d9948
  TOSearchBar: ee22b7ade729521b6ace523cea0ce97d23ab3cd9
  TOSegmentedTabBarController: e151ac6cf985f9962e3cdfaca3a573a187d7c718
  TOSMBClient: 8884ede03ae70e6087962433fda22fb6b4b8c7f8

PODFILE CHECKSUM: f8df4178eec1724548f2a943d56bebc5b66990bc

COCOAPODS: 1.7.4
